// !$*UTF8*$!
{
	archiveVersion = 1;
	classes = {
	};
	objectVersion = 46;
	objects = {

/* Begin PBXBuildFile section */
		89F51AE51C73813F00531F96 /* AppDelegate.swift in Sources */ = {isa = PBXBuildFile; fileRef = 89F51AE41C73813F00531F96 /* AppDelegate.swift */; };
		89F51AE71C73813F00531F96 /* MasterViewController.swift in Sources */ = {isa = PBXBuildFile; fileRef = 89F51AE61C73813F00531F96 /* MasterViewController.swift */; };
		89F51AE91C73813F00531F96 /* DetailViewController.swift in Sources */ = {isa = PBXBuildFile; fileRef = 89F51AE81C73813F00531F96 /* DetailViewController.swift */; };
		89F51AEC1C73813F00531F96 /* Main.storyboard in Resources */ = {isa = PBXBuildFile; fileRef = 89F51AEA1C73813F00531F96 /* Main.storyboard */; };
		89F51AEE1C73813F00531F96 /* Assets.xcassets in Resources */ = {isa = PBXBuildFile; fileRef = 89F51AED1C73813F00531F96 /* Assets.xcassets */; };
		89F51AF11C73813F00531F96 /* LaunchScreen.storyboard in Resources */ = {isa = PBXBuildFile; fileRef = 89F51AEF1C73813F00531F96 /* LaunchScreen.storyboard */; };
		89F51AF91C738EF600531F96 /* NewsTableViewCell.swift in Sources */ = {isa = PBXBuildFile; fileRef = 89F51AF81C738EF600531F96 /* NewsTableViewCell.swift */; };
		89F51AFB1C73939900531F96 /* NewsItem.swift in Sources */ = {isa = PBXBuildFile; fileRef = 89F51AFA1C73939900531F96 /* NewsItem.swift */; };
/* End PBXBuildFile section */

/* Begin PBXFileReference section */
		89F51AE11C73813F00531F96 /* StretchMyHeader.app */ = {isa = PBXFileReference; explicitFileType = wrapper.application; includeInIndex = 0; path = StretchMyHeader.app; sourceTree = BUILT_PRODUCTS_DIR; };
		89F51AE41C73813F00531F96 /* AppDelegate.swift */ = {isa = PBXFileReference; lastKnownFileType = sourcecode.swift; path = AppDelegate.swift; sourceTree = "<group>"; };
		89F51AE61C73813F00531F96 /* MasterViewController.swift */ = {isa = PBXFileReference; lastKnownFileType = sourcecode.swift; path = MasterViewController.swift; sourceTree = "<group>"; };
		89F51AE81C73813F00531F96 /* DetailViewController.swift */ = {isa = PBXFileReference; lastKnownFileType = sourcecode.swift; path = DetailViewController.swift; sourceTree = "<group>"; };
		89F51AEB1C73813F00531F96 /* Base */ = {isa = PBXFileReference; lastKnownFileType = file.storyboard; name = Base; path = Base.lproj/Main.storyboard; sourceTree = "<group>"; };
		89F51AED1C73813F00531F96 /* Assets.xcassets */ = {isa = PBXFileReference; lastKnownFileType = folder.assetcatalog; path = Assets.xcassets; sourceTree = "<group>"; };
		89F51AF01C73813F00531F96 /* Base */ = {isa = PBXFileReference; lastKnownFileType = file.storyboard; name = Base; path = Base.lproj/LaunchScreen.storyboard; sourceTree = "<group>"; };
		89F51AF21C73813F00531F96 /* Info.plist */ = {isa = PBXFileReference; lastKnownFileType = text.plist.xml; path = Info.plist; sourceTree = "<group>"; };
		89F51AF81C738EF600531F96 /* NewsTableViewCell.swift */ = {isa = PBXFileReference; fileEncoding = 4; lastKnownFileType = sourcecode.swift; path = NewsTableViewCell.swift; sourceTree = "<group>"; };
		89F51AFA1C73939900531F96 /* NewsItem.swift */ = {isa = PBXFileReference; fileEncoding = 4; lastKnownFileType = sourcecode.swift; path = NewsItem.swift; sourceTree = "<group>"; };
/* End PBXFileReference section */

/* Begin PBXFrameworksBuildPhase section */
		89F51ADE1C73813F00531F96 /* Frameworks */ = {
			isa = PBXFrameworksBuildPhase;
			buildActionMask = 2147483647;
			files = (
			);
			runOnlyForDeploymentPostprocessing = 0;
		};
/* End PBXFrameworksBuildPhase section */

/* Begin PBXGroup section */
		89F51AD81C73813F00531F96 = {
			isa = PBXGroup;
			children = (
				89F51AE31C73813F00531F96 /* StretchMyHeader */,
				89F51AE21C73813F00531F96 /* Products */,
			);
			sourceTree = "<group>";
		};
		89F51AE21C73813F00531F96 /* Products */ = {
			isa = PBXGroup;
			children = (
				89F51AE11C73813F00531F96 /* StretchMyHeader.app */,
			);
			name = Products;
			sourceTree = "<group>";
		};
		89F51AE31C73813F00531F96 /* StretchMyHeader */ = {
			isa = PBXGroup;
			children = (
				89F51AE41C73813F00531F96 /* AppDelegate.swift */,
				89F51AE61C73813F00531F96 /* MasterViewController.swift */,
				89F51AFA1C73939900531F96 /* NewsItem.swift */,
				89F51AE81C73813F00531F96 /* DetailViewController.swift */,
				89F51AF81C738EF600531F96 /* NewsTableViewCell.swift */,
				89F51AEA1C73813F00531F96 /* Main.storyboard */,
				89F51AED1C73813F00531F96 /* Assets.xcassets */,
				89F51AEF1C73813F00531F96 /* LaunchScreen.storyboard */,
				89F51AF21C73813F00531F96 /* Info.plist */,
			);
			path = StretchMyHeader;
			sourceTree = "<group>";
		};
/* End PBXGroup section */

/* Begin PBXNativeTarget section */
		89F51AE01C73813F00531F96 /* StretchMyHeader */ = {
			isa = PBXNativeTarget;
			buildConfigurationList = 89F51AF51C73813F00531F96 /* Build configuration list for PBXNativeTarget "StretchMyHeader" */;
			buildPhases = (
				89F51ADD1C73813F00531F96 /* Sources */,
				89F51ADE1C73813F00531F96 /* Frameworks */,
				89F51ADF1C73813F00531F96 /* Resources */,
			);
			buildRules = (
			);
			dependencies = (
			);
			name = StretchMyHeader;
			productName = StretchMyHeader;
			productReference = 89F51AE11C73813F00531F96 /* StretchMyHeader.app */;
			productType = "com.apple.product-type.application";
		};
/* End PBXNativeTarget section */

/* Begin PBXProject section */
		89F51AD91C73813F00531F96 /* Project object */ = {
			isa = PBXProject;
			attributes = {
				LastSwiftUpdateCheck = 0720;
				LastUpgradeCheck = 0720;
				ORGANIZATIONNAME = "Chloe Horgan";
				TargetAttributes = {
					89F51AE01C73813F00531F96 = {
						CreatedOnToolsVersion = 7.2;
						DevelopmentTeam = E6AQH2F3ME;
					};
				};
			};
			buildConfigurationList = 89F51ADC1C73813F00531F96 /* Build configuration list for PBXProject "StretchMyHeader" */;
			compatibilityVersion = "Xcode 3.2";
			developmentRegion = English;
			hasScannedForEncodings = 0;
			knownRegions = (
				en,
				Base,
			);
			mainGroup = 89F51AD81C73813F00531F96;
			productRefGroup = 89F51AE21C73813F00531F96 /* Products */;
			projectDirPath = "";
			projectRoot = "";
			targets = (
				89F51AE01C73813F00531F96 /* StretchMyHeader */,
			);
		};
/* End PBXProject section */

/* Begin PBXResourcesBuildPhase section */
		89F51ADF1C73813F00531F96 /* Resources */ = {
			isa = PBXResourcesBuildPhase;
			buildActionMask = 2147483647;
			files = (
				89F51AF11C73813F00531F96 /* LaunchScreen.storyboard in Resources */,
				89F51AEE1C73813F00531F96 /* Assets.xcassets in Resources */,
				89F51AEC1C73813F00531F96 /* Main.storyboard in Resources */,
			);
			runOnlyForDeploymentPostprocessing = 0;
		};
/* End PBXResourcesBuildPhase section */

/* Begin PBXSourcesBuildPhase section */
		89F51ADD1C73813F00531F96 /* Sources */ = {
			isa = PBXSourcesBuildPhase;
			buildActionMask = 2147483647;
			files = (
				89F51AE91C73813F00531F96 /* DetailViewController.swift in Sources */,
				89F51AFB1C73939900531F96 /* NewsItem.swift in Sources */,
				89F51AE71C73813F00531F96 /* MasterViewController.swift in Sources */,
				89F51AF91C738EF600531F96 /* NewsTableViewCell.swift in Sources */,
				89F51AE51C73813F00531F96 /* AppDelegate.swift in Sources */,
			);
			runOnlyForDeploymentPostprocessing = 0;
		};
/* End PBXSourcesBuildPhase section */

/* Begin PBXVariantGroup section */
		89F51AEA1C73813F00531F96 /* Main.storyboard */ = {
			isa = PBXVariantGroup;
			children = (
				89F51AEB1C73813F00531F96 /* Base */,
			);
			name = Main.storyboard;
			sourceTree = "<group>";
		};
		89F51AEF1C73813F00531F96 /* LaunchScreen.storyboard */ = {
			isa = PBXVariantGroup;
			children = (
				89F51AF01C73813F00531F96 /* Base */,
			);
			name = LaunchScreen.storyboard;
			sourceTree = "<group>";
		};
/* End PBXVariantGroup section */

/* Begin XCBuildConfiguration section */
		89F51AF31C73813F00531F96 /* Debug */ = {
			isa = XCBuildConfiguration;
			buildSettings = {
				ALWAYS_SEARCH_USER_PATHS = NO;
				CLANG_CXX_LANGUAGE_STANDARD = "gnu++0x";
				CLANG_CXX_LIBRARY = "libc++";
				CLANG_ENABLE_MODULES = YES;
				CLANG_ENABLE_OBJC_ARC = YES;
				CLANG_WARN_BOOL_CONVERSION = YES;
				CLANG_WARN_CONSTANT_CONVERSION = YES;
				CLANG_WARN_DIRECT_OBJC_ISA_USAGE = YES_ERROR;
				CLANG_WARN_EMPTY_BODY = YES;
				CLANG_WARN_ENUM_CONVERSION = YES;
				CLANG_WARN_INT_CONVERSION = YES;
				CLANG_WARN_OBJC_ROOT_CLASS = YES_ERROR;
				CLANG_WARN_UNREACHABLE_CODE = YES;
				CLANG_WARN__DUPLICATE_METHOD_MATCH = YES;
				"CODE_SIGN_IDENTITY[sdk=iphoneos*]" = "iPhone Developer";
				COPY_PHASE_STRIP = NO;
				DEBUG_INFORMATION_FORMAT = dwarf;
				ENABLE_STRICT_OBJC_MSGSEND = YES;
				ENABLE_TESTABILITY = YES;
				GCC_C_LANGUAGE_STANDARD = gnu99;
				GCC_DYNAMIC_NO_PIC = NO;
				GCC_NO_COMMON_BLOCKS = YES;
				GCC_OPTIMIZATION_LEVEL = 0;
				GCC_PREPROCESSOR_DEFINITIONS = (
					"DEBUG=1",
					"$(inherited)",
				);
				GCC_WARN_64_TO_32_BIT_CONVERSION = YES;
				GCC_WARN_ABOUT_RETURN_TYPE = YES_ERROR;
				GCC_WARN_UNDECLARED_SELECTOR = YES;
				GCC_WARN_UNINITIALIZED_AUTOS = YES_AGGRESSIVE;
				GCC_WARN_UNUSED_FUNCTION = YES;
				GCC_WARN_UNUSED_VARIABLE = YES;
				IPHONEOS_DEPLOYMENT_TARGET = 9.2;
				MTL_ENABLE_DEBUG_INFO = YES;
				ONLY_ACTIVE_ARCH = YES;
				SDKROOT = iphoneos;
				SWIFT_OPTIMIZATION_LEVEL = "-Onone";
			};
			name = Debug;
		};
		89F51AF41C73813F00531F96 /* Release */ = {
			isa = XCBuildConfiguration;
			buildSettings = {
				ALWAYS_SEARCH_USER_PATHS = NO;
				CLANG_CXX_LANGUAGE_STANDARD = "gnu++0x";
				CLANG_CXX_LIBRARY = "libc++";
				CLANG_ENABLE_MODULES = YES;
				CLANG_ENABLE_OBJC_ARC = YES;
				CLANG_WARN_BOOL_CONVERSION = YES;
				CLANG_WARN_CONSTANT_CONVERSION = YES;
				CLANG_WARN_DIRECT_OBJC_ISA_USAGE = YES_ERROR;
				CLANG_WARN_EMPTY_BODY = YES;
				CLANG_WARN_ENUM_CONVERSION = YES;
				CLANG_WARN_INT_CONVERSION = YES;
				CLANG_WARN_OBJC_ROOT_CLASS = YES_ERROR;
				CLANG_WARN_UNREACHABLE_CODE = YES;
				CLANG_WARN__DUPLICATE_METHOD_MATCH = YES;
				"CODE_SIGN_IDENTITY[sdk=iphoneos*]" = "iPhone Developer";
				COPY_PHASE_STRIP = NO;
				DEBUG_INFORMATION_FORMAT = "dwarf-with-dsym";
				ENABLE_NS_ASSERTIONS = NO;
				ENABLE_STRICT_OBJC_MSGSEND = YES;
				GCC_C_LANGUAGE_STANDARD = gnu99;
				GCC_NO_COMMON_BLOCKS = YES;
				GCC_WARN_64_TO_32_BIT_CONVERSION = YES;
				GCC_WARN_ABOUT_RETURN_TYPE = YES_ERROR;
				GCC_WARN_UNDECLARED_SELECTOR = YES;
				GCC_WARN_UNINITIALIZED_AUTOS = YES_AGGRESSIVE;
				GCC_WARN_UNUSED_FUNCTION = YES;
				GCC_WARN_UNUSED_VARIABLE = YES;
				IPHONEOS_DEPLOYMENT_TARGET = 9.2;
				MTL_ENABLE_DEBUG_INFO = NO;
				SDKROOT = iphoneos;
				VALIDATE_PRODUCT = YES;
			};
			name = Release;
		};
		89F51AF61C73813F00531F96 /* Debug */ = {
			isa = XCBuildConfiguration;
			buildSettings = {
				ASSETCATALOG_COMPILER_APPICON_NAME = AppIcon;
				INFOPLIST_FILE = StretchMyHeader/Info.plist;
				LD_RUNPATH_SEARCH_PATHS = "$(inherited) @executable_path/Frameworks";
				PRODUCT_BUNDLE_IDENTIFIER = com.chloehorgan.StretchMyHeader;
				PRODUCT_NAME = "$(TARGET_NAME)";
			};
			name = Debug;
		};
		89F51AF71C73813F00531F96 /* Release */ = {
			isa = XCBuildConfiguration;
			buildSettings = {
				ASSETCATALOG_COMPILER_APPICON_NAME = AppIcon;
				INFOPLIST_FILE = StretchMyHeader/Info.plist;
				LD_RUNPATH_SEARCH_PATHS = "$(inherited) @executable_path/Frameworks";
				PRODUCT_BUNDLE_IDENTIFIER = com.chloehorgan.StretchMyHeader;
				PRODUCT_NAME = "$(TARGET_NAME)";
			};
			name = Release;
		};
/* End XCBuildConfiguration section */

/* Begin XCConfigurationList section */
		89F51ADC1C73813F00531F96 /* Build configuration list for PBXProject "StretchMyHeader" */ = {
			isa = XCConfigurationList;
			buildConfigurations = (
				89F51AF31C73813F00531F96 /* Debug */,
				89F51AF41C73813F00531F96 /* Release */,
			);
			defaultConfigurationIsVisible = 0;
			defaultConfigurationName = Release;
		};
		89F51AF51C73813F00531F96 /* Build configuration list for PBXNativeTarget "StretchMyHeader" */ = {
			isa = XCConfigurationList;
			buildConfigurations = (
				89F51AF61C73813F00531F96 /* Debug */,
				89F51AF71C73813F00531F96 /* Release */,
			);
			defaultConfigurationIsVisible = 0;
		};
/* End XCConfigurationList section */
	};
	rootObject = 89F51AD91C73813F00531F96 /* Project object */;
}
